
Microsoft Visual Studio Solution File, Format Version 12.00
# Visual Studio Version 17
VisualStudioVersion = 17.9.34728.123
MinimumVisualStudioVersion = 10.0.40219.1
Project("{FAE04EC0-301F-11D3-BF4B-00C04F79EFBC}") = "IntermediateLessons", "IntermediateLessons\IntermediateLessons.csproj", "{598397D9-2BF1-459D-87BF-5668CAF2132F}"
EndProject
Global
	GlobalSection(SolutionConfigurationPlatforms) = preSolution
		Debug|Any CPU = Debug|Any CPU
		Release|Any CPU = Release|Any CPU
	EndGlobalSection
	GlobalSection(ProjectConfigurationPlatforms) = postSolution
		{598397D9-2BF1-459D-87BF-5668CAF2132F}.Debug|Any CPU.ActiveCfg = Debug|Any CPU
		{598397D9-2BF1-459D-87BF-5668CAF2132F}.Debug|Any CPU.Build.0 = Debug|Any CPU
		{598397D9-2BF1-459D-87BF-5668CAF2132F}.Release|Any CPU.ActiveCfg = Release|Any CPU
		{598397D9-2BF1-459D-87BF-5668CAF2132F}.Release|Any CPU.Build.0 = Release|Any CPU
	EndGlobalSection
	GlobalSection(SolutionProperties) = preSolution
		HideSolutionNode = FALSE
	EndGlobalSection
	GlobalSection(ExtensibilityGlobals) = postSolution
		SolutionGuid = {924F57A0-1842-42A8-9E26-8476B3B7C595}
	EndGlobalSection
EndGlobal
